
Microsoft Visual Studio Solution File, Format Version 12.00
# Visual Studio Version 17
VisualStudioVersion = 17.14.36414.22
MinimumVisualStudioVersion = 10.0.40219.1
Project("{FAE04EC0-301F-11D3-BF4B-00C04F79EFBC}") = "GLPack", "GLPack\GLPack.csproj", "{985194BF-294D-468C-8ED6-60C1AE389B07}"
EndProject
Global
	GlobalSection(SolutionConfigurationPlatforms) = preSolution
		Debug|Any CPU = Debug|Any CPU
		Release|Any CPU = Release|Any CPU
	EndGlobalSection
	GlobalSection(ProjectConfigurationPlatforms) = postSolution
		{985194BF-294D-468C-8ED6-60C1AE389B07}.Debug|Any CPU.ActiveCfg = Debug|Any CPU
		{985194BF-294D-468C-8ED6-60C1AE389B07}.Debug|Any CPU.Build.0 = Debug|Any CPU
		{985194BF-294D-468C-8ED6-60C1AE389B07}.Release|Any CPU.ActiveCfg = Release|Any CPU
		{985194BF-294D-468C-8ED6-60C1AE389B07}.Release|Any CPU.Build.0 = Release|Any CPU
	EndGlobalSection
	GlobalSection(SolutionProperties) = preSolution
		HideSolutionNode = FALSE
	EndGlobalSection
	GlobalSection(ExtensibilityGlobals) = postSolution
		SolutionGuid = {A245A79C-6542-4D8C-8D06-2B217316F8E5}
	EndGlobalSection
EndGlobal
